
Microsoft Visual Studio Solution File, Format Version 12.00
# Visual Studio Version 16
VisualStudioVersion = 16.0.33130.400
MinimumVisualStudioVersion = 10.0.40219.1
Project("{FAE04EC0-301F-11D3-BF4B-00C04F79EFBC}") = "APIGateway", "APIGateway\APIGateway.csproj", "{20400F6C-6EAE-4786-97AD-3FC78E765809}"
EndProject
Project("{2150E333-8FDC-42A3-9474-1A3956D46DE8}") = "Services", "Services", "{83013961-58E3-450C-A0EF-A56A81E0B616}"
EndProject
Project("{FAE04EC0-301F-11D3-BF4B-00C04F79EFBC}") = "Contact.API", "Services\ContactAPI\Contact.API\Contact.API.csproj", "{E20046FE-7C6F-418A-BC98-138C5FFF30B0}"
EndProject
Global
	GlobalSection(SolutionConfigurationPlatforms) = preSolution
		Debug|Any CPU = Debug|Any CPU
		Release|Any CPU = Release|Any CPU
	EndGlobalSection
	GlobalSection(ProjectConfigurationPlatforms) = postSolution
		{20400F6C-6EAE-4786-97AD-3FC78E765809}.Debug|Any CPU.ActiveCfg = Debug|Any CPU
		{20400F6C-6EAE-4786-97AD-3FC78E765809}.Debug|Any CPU.Build.0 = Debug|Any CPU
		{20400F6C-6EAE-4786-97AD-3FC78E765809}.Release|Any CPU.ActiveCfg = Release|Any CPU
		{20400F6C-6EAE-4786-97AD-3FC78E765809}.Release|Any CPU.Build.0 = Release|Any CPU
		{E20046FE-7C6F-418A-BC98-138C5FFF30B0}.Debug|Any CPU.ActiveCfg = Debug|Any CPU
		{E20046FE-7C6F-418A-BC98-138C5FFF30B0}.Debug|Any CPU.Build.0 = Debug|Any CPU
		{E20046FE-7C6F-418A-BC98-138C5FFF30B0}.Release|Any CPU.ActiveCfg = Release|Any CPU
		{E20046FE-7C6F-418A-BC98-138C5FFF30B0}.Release|Any CPU.Build.0 = Release|Any CPU
	EndGlobalSection
	GlobalSection(SolutionProperties) = preSolution
		HideSolutionNode = FALSE
	EndGlobalSection
	GlobalSection(NestedProjects) = preSolution
		{E20046FE-7C6F-418A-BC98-138C5FFF30B0} = {83013961-58E3-450C-A0EF-A56A81E0B616}
	EndGlobalSection
	GlobalSection(ExtensibilityGlobals) = postSolution
		SolutionGuid = {29445F68-A9AF-4245-A67C-A010586286A3}
	EndGlobalSection
EndGlobal
